// !$*UTF8*$!
{
	archiveVersion = 1;
	classes = {
	};
	objectVersion = 56;
	objects = {

/* Begin PBXBuildFile section */
		FA2FEED22CB62D5C0005D279 /* LandmarksApp.swift in Sources */ = {isa = PBXBuildFile; fileRef = FA2FEED12CB62D5C0005D279 /* LandmarksApp.swift */; };
		FA2FEED42CB62D5C0005D279 /* ContentView.swift in Sources */ = {isa = PBXBuildFile; fileRef = FA2FEED32CB62D5C0005D279 /* ContentView.swift */; };
		FA2FEED62CB62D5D0005D279 /* Assets.xcassets in Resources */ = {isa = PBXBuildFile; fileRef = FA2FEED52CB62D5D0005D279 /* Assets.xcassets */; };
		FA2FEED92CB62D5D0005D279 /* Preview Assets.xcassets in Resources */ = {isa = PBXBuildFile; fileRef = FA2FEED82CB62D5D0005D279 /* Preview Assets.xcassets */; };
		FA2FEEE02CB635C30005D279 /* CircleImage.swift in Sources */ = {isa = PBXBuildFile; fileRef = FA2FEEDF2CB635C30005D279 /* CircleImage.swift */; };
		FA2FEEE22CB637400005D279 /* MapView.swift in Sources */ = {isa = PBXBuildFile; fileRef = FA2FEEE12CB637400005D279 /* MapView.swift */; };
		FA2FEEE42CB647110005D279 /* landmarkData.json in Resources */ = {isa = PBXBuildFile; fileRef = FA2FEEE32CB647110005D279 /* landmarkData.json */; };
		FA2FEEE62CB6472C0005D279 /* Landmark.swift in Sources */ = {isa = PBXBuildFile; fileRef = FA2FEEE52CB6472C0005D279 /* Landmark.swift */; };
		FA2FEEE82CB648740005D279 /* ModelData.swift in Sources */ = {isa = PBXBuildFile; fileRef = FA2FEEE72CB648740005D279 /* ModelData.swift */; };
		FA2FEEEE2CB64B140005D279 /* LandmarkRow.swift in Sources */ = {isa = PBXBuildFile; fileRef = FA2FEEED2CB64B140005D279 /* LandmarkRow.swift */; };
		FA2FEEF02CB64DB10005D279 /* LandmarkList.swift in Sources */ = {isa = PBXBuildFile; fileRef = FA2FEEEF2CB64DB10005D279 /* LandmarkList.swift */; };
		FA2FEEF22CB66FED0005D279 /* LandmarkDetail.swift in Sources */ = {isa = PBXBuildFile; fileRef = FA2FEEF12CB66FED0005D279 /* LandmarkDetail.swift */; };
		FA2FEEF42CB69A000005D279 /* FavoriteButton.swift in Sources */ = {isa = PBXBuildFile; fileRef = FA2FEEF32CB69A000005D279 /* FavoriteButton.swift */; };
		FA2FEEF82CB6B8010005D279 /* HexagonParameters.swift in Sources */ = {isa = PBXBuildFile; fileRef = FA2FEEF72CB6B8010005D279 /* HexagonParameters.swift */; };
		FA2FEEFA2CB6B9C60005D279 /* BadgeBackground.swift in Sources */ = {isa = PBXBuildFile; fileRef = FA2FEEF92CB6B9C60005D279 /* BadgeBackground.swift */; };
		FA2FEEFC2CB6BD480005D279 /* BadgeSymbol.swift in Sources */ = {isa = PBXBuildFile; fileRef = FA2FEEFB2CB6BD480005D279 /* BadgeSymbol.swift */; };
		FA2FEEFE2CB6BF3C0005D279 /* RotatedBadgeSymbol.swift in Sources */ = {isa = PBXBuildFile; fileRef = FA2FEEFD2CB6BF3C0005D279 /* RotatedBadgeSymbol.swift */; };
		FA2FEF002CB6C0010005D279 /* Badge.swift in Sources */ = {isa = PBXBuildFile; fileRef = FA2FEEFF2CB6C0010005D279 /* Badge.swift */; };
		FA2FEF032CB6D2180005D279 /* hikeData.json in Resources */ = {isa = PBXBuildFile; fileRef = FA2FEF022CB6D2180005D279 /* hikeData.json */; };
		FA2FEF052CB6D24F0005D279 /* Hike.swift in Sources */ = {isa = PBXBuildFile; fileRef = FA2FEF042CB6D24F0005D279 /* Hike.swift */; };
		FA2FEF0D2CB6D6E80005D279 /* HikeDetail.swift in Sources */ = {isa = PBXBuildFile; fileRef = FA2FEF0B2CB6D6E80005D279 /* HikeDetail.swift */; };
		FA2FEF0E2CB6D6E80005D279 /* HikeGraph.swift in Sources */ = {isa = PBXBuildFile; fileRef = FA2FEF092CB6D6E80005D279 /* HikeGraph.swift */; };
		FA2FEF0F2CB6D6E80005D279 /* GraphCapsule.swift in Sources */ = {isa = PBXBuildFile; fileRef = FA2FEF0A2CB6D6E80005D279 /* GraphCapsule.swift */; };
		FA2FEF102CB6D6E80005D279 /* HikeView.swift in Sources */ = {isa = PBXBuildFile; fileRef = FA2FEF0C2CB6D6E80005D279 /* HikeView.swift */; };
		FA5CACE42CB94851009431B2 /* CategoryHome.swift in Sources */ = {isa = PBXBuildFile; fileRef = FA5CACE32CB94851009431B2 /* CategoryHome.swift */; };
		FA5CACE62CB94A5B009431B2 /* CategoryRow.swift in Sources */ = {isa = PBXBuildFile; fileRef = FA5CACE52CB94A5B009431B2 /* CategoryRow.swift */; };
		FA5CACE82CB94E20009431B2 /* CategoryItem.swift in Sources */ = {isa = PBXBuildFile; fileRef = FA5CACE72CB94E20009431B2 /* CategoryItem.swift */; };
/* End PBXBuildFile section */

/* Begin PBXFileReference section */
		FA2FEECE2CB62D5C0005D279 /* Landmarks.app */ = {isa = PBXFileReference; explicitFileType = wrapper.application; includeInIndex = 0; path = Landmarks.app; sourceTree = BUILT_PRODUCTS_DIR; };
		FA2FEED12CB62D5C0005D279 /* LandmarksApp.swift */ = {isa = PBXFileReference; lastKnownFileType = sourcecode.swift; path = LandmarksApp.swift; sourceTree = "<group>"; };
		FA2FEED32CB62D5C0005D279 /* ContentView.swift */ = {isa = PBXFileReference; lastKnownFileType = sourcecode.swift; path = ContentView.swift; sourceTree = "<group>"; };
		FA2FEED52CB62D5D0005D279 /* Assets.xcassets */ = {isa = PBXFileReference; lastKnownFileType = folder.assetcatalog; path = Assets.xcassets; sourceTree = "<group>"; };
		FA2FEED82CB62D5D0005D279 /* Preview Assets.xcassets */ = {isa = PBXFileReference; lastKnownFileType = folder.assetcatalog; path = "Preview Assets.xcassets"; sourceTree = "<group>"; };
		FA2FEEDF2CB635C30005D279 /* CircleImage.swift */ = {isa = PBXFileReference; lastKnownFileType = sourcecode.swift; path = CircleImage.swift; sourceTree = "<group>"; };
		FA2FEEE12CB637400005D279 /* MapView.swift */ = {isa = PBXFileReference; lastKnownFileType = sourcecode.swift; path = MapView.swift; sourceTree = "<group>"; };
		FA2FEEE32CB647110005D279 /* landmarkData.json */ = {isa = PBXFileReference; fileEncoding = 4; lastKnownFileType = text.json; path = landmarkData.json; sourceTree = "<group>"; };
		FA2FEEE52CB6472C0005D279 /* Landmark.swift */ = {isa = PBXFileReference; lastKnownFileType = sourcecode.swift; path = Landmark.swift; sourceTree = "<group>"; };
		FA2FEEE72CB648740005D279 /* ModelData.swift */ = {isa = PBXFileReference; lastKnownFileType = sourcecode.swift; path = ModelData.swift; sourceTree = "<group>"; };
		FA2FEEED2CB64B140005D279 /* LandmarkRow.swift */ = {isa = PBXFileReference; lastKnownFileType = sourcecode.swift; path = LandmarkRow.swift; sourceTree = "<group>"; };
		FA2FEEEF2CB64DB10005D279 /* LandmarkList.swift */ = {isa = PBXFileReference; lastKnownFileType = sourcecode.swift; path = LandmarkList.swift; sourceTree = "<group>"; };
		FA2FEEF12CB66FED0005D279 /* LandmarkDetail.swift */ = {isa = PBXFileReference; lastKnownFileType = sourcecode.swift; path = LandmarkDetail.swift; sourceTree = "<group>"; };
		FA2FEEF32CB69A000005D279 /* FavoriteButton.swift */ = {isa = PBXFileReference; lastKnownFileType = sourcecode.swift; path = FavoriteButton.swift; sourceTree = "<group>"; };
		FA2FEEF72CB6B8010005D279 /* HexagonParameters.swift */ = {isa = PBXFileReference; lastKnownFileType = sourcecode.swift; path = HexagonParameters.swift; sourceTree = "<group>"; };
		FA2FEEF92CB6B9C60005D279 /* BadgeBackground.swift */ = {isa = PBXFileReference; lastKnownFileType = sourcecode.swift; path = BadgeBackground.swift; sourceTree = "<group>"; };
		FA2FEEFB2CB6BD480005D279 /* BadgeSymbol.swift */ = {isa = PBXFileReference; lastKnownFileType = sourcecode.swift; path = BadgeSymbol.swift; sourceTree = "<group>"; };
		FA2FEEFD2CB6BF3C0005D279 /* RotatedBadgeSymbol.swift */ = {isa = PBXFileReference; lastKnownFileType = sourcecode.swift; path = RotatedBadgeSymbol.swift; sourceTree = "<group>"; };
		FA2FEEFF2CB6C0010005D279 /* Badge.swift */ = {isa = PBXFileReference; lastKnownFileType = sourcecode.swift; path = Badge.swift; sourceTree = "<group>"; };
		FA2FEF022CB6D2180005D279 /* hikeData.json */ = {isa = PBXFileReference; fileEncoding = 4; lastKnownFileType = text.json; path = hikeData.json; sourceTree = "<group>"; };
		FA2FEF042CB6D24F0005D279 /* Hike.swift */ = {isa = PBXFileReference; lastKnownFileType = sourcecode.swift; path = Hike.swift; sourceTree = "<group>"; };
		FA2FEF092CB6D6E80005D279 /* HikeGraph.swift */ = {isa = PBXFileReference; lastKnownFileType = sourcecode.swift; path = HikeGraph.swift; sourceTree = "<group>"; };
		FA2FEF0A2CB6D6E80005D279 /* GraphCapsule.swift */ = {isa = PBXFileReference; lastKnownFileType = sourcecode.swift; path = GraphCapsule.swift; sourceTree = "<group>"; };
		FA2FEF0B2CB6D6E80005D279 /* HikeDetail.swift */ = {isa = PBXFileReference; lastKnownFileType = sourcecode.swift; path = HikeDetail.swift; sourceTree = "<group>"; };
		FA2FEF0C2CB6D6E80005D279 /* HikeView.swift */ = {isa = PBXFileReference; lastKnownFileType = sourcecode.swift; path = HikeView.swift; sourceTree = "<group>"; };
		FA5CACE32CB94851009431B2 /* CategoryHome.swift */ = {isa = PBXFileReference; lastKnownFileType = sourcecode.swift; path = CategoryHome.swift; sourceTree = "<group>"; };
		FA5CACE52CB94A5B009431B2 /* CategoryRow.swift */ = {isa = PBXFileReference; lastKnownFileType = sourcecode.swift; path = CategoryRow.swift; sourceTree = "<group>"; };
		FA5CACE72CB94E20009431B2 /* CategoryItem.swift */ = {isa = PBXFileReference; lastKnownFileType = sourcecode.swift; path = CategoryItem.swift; sourceTree = "<group>"; };
/* End PBXFileReference section */

/* Begin PBXFrameworksBuildPhase section */
		FA2FEECB2CB62D5C0005D279 /* Frameworks */ = {
			isa = PBXFrameworksBuildPhase;
			buildActionMask = 2147483647;
			files = (
			);
			runOnlyForDeploymentPostprocessing = 0;
		};
/* End PBXFrameworksBuildPhase section */

/* Begin PBXGroup section */
		FA2FEEC52CB62D5C0005D279 = {
			isa = PBXGroup;
			children = (
				FA2FEED02CB62D5C0005D279 /* Landmarks */,
				FA2FEECF2CB62D5C0005D279 /* Products */,
			);
			sourceTree = "<group>";
		};
		FA2FEECF2CB62D5C0005D279 /* Products */ = {
			isa = PBXGroup;
			children = (
				FA2FEECE2CB62D5C0005D279 /* Landmarks.app */,
			);
			name = Products;
			sourceTree = "<group>";
		};
		FA2FEED02CB62D5C0005D279 /* Landmarks */ = {
			isa = PBXGroup;
			children = (
				FA2FEEEC2CB64A6E0005D279 /* Model */,
				FA2FEEEB2CB64A3A0005D279 /* Resources */,
				FA2FEED12CB62D5C0005D279 /* LandmarksApp.swift */,
				FA2FEEE92CB64A040005D279 /* Views */,
				FA2FEED52CB62D5D0005D279 /* Assets.xcassets */,
				FA2FEED72CB62D5D0005D279 /* Preview Content */,
			);
			path = Landmarks;
			sourceTree = "<group>";
		};
		FA2FEED72CB62D5D0005D279 /* Preview Content */ = {
			isa = PBXGroup;
			children = (
				FA2FEED82CB62D5D0005D279 /* Preview Assets.xcassets */,
			);
			path = "Preview Content";
			sourceTree = "<group>";
		};
		FA2FEEE92CB64A040005D279 /* Views */ = {
			isa = PBXGroup;
			children = (
				FA5CACE22CB9482F009431B2 /* Categories */,
				FA2FEF112CB6D70A0005D279 /* Hikes */,
				FA2FEF012CB6C1290005D279 /* Badges */,
				FA2FEEF62CB69BD30005D279 /* Landmarks */,
				FA2FEEF52CB69BC60005D279 /* Helper */,
				FA2FEED32CB62D5C0005D279 /* ContentView.swift */,
			);
			path = Views;
			sourceTree = "<group>";
		};
		FA2FEEEB2CB64A3A0005D279 /* Resources */ = {
			isa = PBXGroup;
			children = (
				FA2FEF022CB6D2180005D279 /* hikeData.json */,
				FA2FEEE32CB647110005D279 /* landmarkData.json */,
			);
			path = Resources;
			sourceTree = "<group>";
		};
		FA2FEEEC2CB64A6E0005D279 /* Model */ = {
			isa = PBXGroup;
			children = (
				FA2FEF042CB6D24F0005D279 /* Hike.swift */,
				FA2FEEE52CB6472C0005D279 /* Landmark.swift */,
				FA2FEEE72CB648740005D279 /* ModelData.swift */,
			);
			path = Model;
			sourceTree = "<group>";
		};
		FA2FEEF52CB69BC60005D279 /* Helper */ = {
			isa = PBXGroup;
			children = (
				FA2FEEF32CB69A000005D279 /* FavoriteButton.swift */,
				FA2FEEDF2CB635C30005D279 /* CircleImage.swift */,
				FA2FEEE12CB637400005D279 /* MapView.swift */,
			);
			path = Helper;
			sourceTree = "<group>";
		};
		FA2FEEF62CB69BD30005D279 /* Landmarks */ = {
			isa = PBXGroup;
			children = (
				FA2FEEED2CB64B140005D279 /* LandmarkRow.swift */,
				FA2FEEEF2CB64DB10005D279 /* LandmarkList.swift */,
				FA2FEEF12CB66FED0005D279 /* LandmarkDetail.swift */,
			);
			path = Landmarks;
			sourceTree = "<group>";
		};
		FA2FEF012CB6C1290005D279 /* Badges */ = {
			isa = PBXGroup;
			children = (
				FA2FEEFB2CB6BD480005D279 /* BadgeSymbol.swift */,
				FA2FEEFD2CB6BF3C0005D279 /* RotatedBadgeSymbol.swift */,
				FA2FEEFF2CB6C0010005D279 /* Badge.swift */,
				FA2FEEF72CB6B8010005D279 /* HexagonParameters.swift */,
				FA2FEEF92CB6B9C60005D279 /* BadgeBackground.swift */,
			);
			path = Badges;
			sourceTree = "<group>";
		};
		FA2FEF112CB6D70A0005D279 /* Hikes */ = {
			isa = PBXGroup;
			children = (
				FA2FEF0A2CB6D6E80005D279 /* GraphCapsule.swift */,
				FA2FEF0B2CB6D6E80005D279 /* HikeDetail.swift */,
				FA2FEF092CB6D6E80005D279 /* HikeGraph.swift */,
				FA2FEF0C2CB6D6E80005D279 /* HikeView.swift */,
			);
			path = Hikes;
			sourceTree = "<group>";
		};
		FA5CACE22CB9482F009431B2 /* Categories */ = {
			isa = PBXGroup;
			children = (
				FA5CACE32CB94851009431B2 /* CategoryHome.swift */,
				FA5CACE52CB94A5B009431B2 /* CategoryRow.swift */,
				FA5CACE72CB94E20009431B2 /* CategoryItem.swift */,
			);
			path = Categories;
			sourceTree = "<group>";
		};
/* End PBXGroup section */

/* Begin PBXNativeTarget section */
		FA2FEECD2CB62D5C0005D279 /* Landmarks */ = {
			isa = PBXNativeTarget;
			buildConfigurationList = FA2FEEDC2CB62D5D0005D279 /* Build configuration list for PBXNativeTarget "Landmarks" */;
			buildPhases = (
				FA2FEECA2CB62D5C0005D279 /* Sources */,
				FA2FEECB2CB62D5C0005D279 /* Frameworks */,
				FA2FEECC2CB62D5C0005D279 /* Resources */,
			);
			buildRules = (
			);
			dependencies = (
			);
			name = Landmarks;
			productName = Landmarks;
			productReference = FA2FEECE2CB62D5C0005D279 /* Landmarks.app */;
			productType = "com.apple.product-type.application";
		};
/* End PBXNativeTarget section */

/* Begin PBXProject section */
		FA2FEEC62CB62D5C0005D279 /* Project object */ = {
			isa = PBXProject;
			attributes = {
				BuildIndependentTargetsInParallel = 1;
				LastSwiftUpdateCheck = 1430;
				LastUpgradeCheck = 1430;
				TargetAttributes = {
					FA2FEECD2CB62D5C0005D279 = {
						CreatedOnToolsVersion = 14.3.1;
					};
				};
			};
			buildConfigurationList = FA2FEEC92CB62D5C0005D279 /* Build configuration list for PBXProject "Landmarks" */;
			compatibilityVersion = "Xcode 14.0";
			developmentRegion = en;
			hasScannedForEncodings = 0;
			knownRegions = (
				en,
				Base,
			);
			mainGroup = FA2FEEC52CB62D5C0005D279;
			productRefGroup = FA2FEECF2CB62D5C0005D279 /* Products */;
			projectDirPath = "";
			projectRoot = "";
			targets = (
				FA2FEECD2CB62D5C0005D279 /* Landmarks */,
			);
		};
/* End PBXProject section */

/* Begin PBXResourcesBuildPhase section */
		FA2FEECC2CB62D5C0005D279 /* Resources */ = {
			isa = PBXResourcesBuildPhase;
			buildActionMask = 2147483647;
			files = (
				FA2FEF032CB6D2180005D279 /* hikeData.json in Resources */,
				FA2FEED92CB62D5D0005D279 /* Preview Assets.xcassets in Resources */,
				FA2FEED62CB62D5D0005D279 /* Assets.xcassets in Resources */,
				FA2FEEE42CB647110005D279 /* landmarkData.json in Resources */,
			);
			runOnlyForDeploymentPostprocessing = 0;
		};
/* End PBXResourcesBuildPhase section */

/* Begin PBXSourcesBuildPhase section */
		FA2FEECA2CB62D5C0005D279 /* Sources */ = {
			isa = PBXSourcesBuildPhase;
			buildActionMask = 2147483647;
			files = (
				FA5CACE62CB94A5B009431B2 /* CategoryRow.swift in Sources */,
				FA2FEF0F2CB6D6E80005D279 /* GraphCapsule.swift in Sources */,
				FA5CACE42CB94851009431B2 /* CategoryHome.swift in Sources */,
				FA2FEED42CB62D5C0005D279 /* ContentView.swift in Sources */,
				FA2FEF002CB6C0010005D279 /* Badge.swift in Sources */,
				FA2FEEE22CB637400005D279 /* MapView.swift in Sources */,
				FA2FEF0E2CB6D6E80005D279 /* HikeGraph.swift in Sources */,
				FA2FEED22CB62D5C0005D279 /* LandmarksApp.swift in Sources */,
				FA2FEEF42CB69A000005D279 /* FavoriteButton.swift in Sources */,
				FA5CACE82CB94E20009431B2 /* CategoryItem.swift in Sources */,
				FA2FEEF82CB6B8010005D279 /* HexagonParameters.swift in Sources */,
				FA2FEF052CB6D24F0005D279 /* Hike.swift in Sources */,
				FA2FEEFE2CB6BF3C0005D279 /* RotatedBadgeSymbol.swift in Sources */,
				FA2FEEFC2CB6BD480005D279 /* BadgeSymbol.swift in Sources */,
				FA2FEEF02CB64DB10005D279 /* LandmarkList.swift in Sources */,
				FA2FEF0D2CB6D6E80005D279 /* HikeDetail.swift in Sources */,
				FA2FEEF22CB66FED0005D279 /* LandmarkDetail.swift in Sources */,
				FA2FEEFA2CB6B9C60005D279 /* BadgeBackground.swift in Sources */,
				FA2FEF102CB6D6E80005D279 /* HikeView.swift in Sources */,
				FA2FEEE02CB635C30005D279 /* CircleImage.swift in Sources */,
				FA2FEEE62CB6472C0005D279 /* Landmark.swift in Sources */,
				FA2FEEEE2CB64B140005D279 /* LandmarkRow.swift in Sources */,
				FA2FEEE82CB648740005D279 /* ModelData.swift in Sources */,
			);
			runOnlyForDeploymentPostprocessing = 0;
		};
/* End PBXSourcesBuildPhase section */

/* Begin XCBuildConfiguration section */
		FA2FEEDA2CB62D5D0005D279 /* Debug */ = {
			isa = XCBuildConfiguration;
			buildSettings = {
				ALWAYS_SEARCH_USER_PATHS = NO;
				CLANG_ANALYZER_NONNULL = YES;
				CLANG_ANALYZER_NUMBER_OBJECT_CONVERSION = YES_AGGRESSIVE;
				CLANG_CXX_LANGUAGE_STANDARD = "gnu++20";
				CLANG_ENABLE_MODULES = YES;
				CLANG_ENABLE_OBJC_ARC = YES;
				CLANG_ENABLE_OBJC_WEAK = YES;
				CLANG_WARN_BLOCK_CAPTURE_AUTORELEASING = YES;
				CLANG_WARN_BOOL_CONVERSION = YES;
				CLANG_WARN_COMMA = YES;
				CLANG_WARN_CONSTANT_CONVERSION = YES;
				CLANG_WARN_DEPRECATED_OBJC_IMPLEMENTATIONS = YES;
				CLANG_WARN_DIRECT_OBJC_ISA_USAGE = YES_ERROR;
				CLANG_WARN_DOCUMENTATION_COMMENTS = YES;
				CLANG_WARN_EMPTY_BODY = YES;
				CLANG_WARN_ENUM_CONVERSION = YES;
				CLANG_WARN_INFINITE_RECURSION = YES;
				CLANG_WARN_INT_CONVERSION = YES;
				CLANG_WARN_NON_LITERAL_NULL_CONVERSION = YES;
				CLANG_WARN_OBJC_IMPLICIT_RETAIN_SELF = YES;
				CLANG_WARN_OBJC_LITERAL_CONVERSION = YES;
				CLANG_WARN_OBJC_ROOT_CLASS = YES_ERROR;
				CLANG_WARN_QUOTED_INCLUDE_IN_FRAMEWORK_HEADER = YES;
				CLANG_WARN_RANGE_LOOP_ANALYSIS = YES;
				CLANG_WARN_STRICT_PROTOTYPES = YES;
				CLANG_WARN_SUSPICIOUS_MOVE = YES;
				CLANG_WARN_UNGUARDED_AVAILABILITY = YES_AGGRESSIVE;
				CLANG_WARN_UNREACHABLE_CODE = YES;
				CLANG_WARN__DUPLICATE_METHOD_MATCH = YES;
				COPY_PHASE_STRIP = NO;
				DEBUG_INFORMATION_FORMAT = dwarf;
				ENABLE_STRICT_OBJC_MSGSEND = YES;
				ENABLE_TESTABILITY = YES;
				GCC_C_LANGUAGE_STANDARD = gnu11;
				GCC_DYNAMIC_NO_PIC = NO;
				GCC_NO_COMMON_BLOCKS = YES;
				GCC_OPTIMIZATION_LEVEL = 0;
				GCC_PREPROCESSOR_DEFINITIONS = (
					"DEBUG=1",
					"$(inherited)",
				);
				GCC_WARN_64_TO_32_BIT_CONVERSION = YES;
				GCC_WARN_ABOUT_RETURN_TYPE = YES_ERROR;
				GCC_WARN_UNDECLARED_SELECTOR = YES;
				GCC_WARN_UNINITIALIZED_AUTOS = YES_AGGRESSIVE;
				GCC_WARN_UNUSED_FUNCTION = YES;
				GCC_WARN_UNUSED_VARIABLE = YES;
				IPHONEOS_DEPLOYMENT_TARGET = 16.4;
				MTL_ENABLE_DEBUG_INFO = INCLUDE_SOURCE;
				MTL_FAST_MATH = YES;
				ONLY_ACTIVE_ARCH = YES;
				SDKROOT = iphoneos;
				SWIFT_ACTIVE_COMPILATION_CONDITIONS = DEBUG;
				SWIFT_OPTIMIZATION_LEVEL = "-Onone";
			};
			name = Debug;
		};
		FA2FEEDB2CB62D5D0005D279 /* Release */ = {
			isa = XCBuildConfiguration;
			buildSettings = {
				ALWAYS_SEARCH_USER_PATHS = NO;
				CLANG_ANALYZER_NONNULL = YES;
				CLANG_ANALYZER_NUMBER_OBJECT_CONVERSION = YES_AGGRESSIVE;
				CLANG_CXX_LANGUAGE_STANDARD = "gnu++20";
				CLANG_ENABLE_MODULES = YES;
				CLANG_ENABLE_OBJC_ARC = YES;
				CLANG_ENABLE_OBJC_WEAK = YES;
				CLANG_WARN_BLOCK_CAPTURE_AUTORELEASING = YES;
				CLANG_WARN_BOOL_CONVERSION = YES;
				CLANG_WARN_COMMA = YES;
				CLANG_WARN_CONSTANT_CONVERSION = YES;
				CLANG_WARN_DEPRECATED_OBJC_IMPLEMENTATIONS = YES;
				CLANG_WARN_DIRECT_OBJC_ISA_USAGE = YES_ERROR;
				CLANG_WARN_DOCUMENTATION_COMMENTS = YES;
				CLANG_WARN_EMPTY_BODY = YES;
				CLANG_WARN_ENUM_CONVERSION = YES;
				CLANG_WARN_INFINITE_RECURSION = YES;
				CLANG_WARN_INT_CONVERSION = YES;
				CLANG_WARN_NON_LITERAL_NULL_CONVERSION = YES;
				CLANG_WARN_OBJC_IMPLICIT_RETAIN_SELF = YES;
				CLANG_WARN_OBJC_LITERAL_CONVERSION = YES;
				CLANG_WARN_OBJC_ROOT_CLASS = YES_ERROR;
				CLANG_WARN_QUOTED_INCLUDE_IN_FRAMEWORK_HEADER = YES;
				CLANG_WARN_RANGE_LOOP_ANALYSIS = YES;
				CLANG_WARN_STRICT_PROTOTYPES = YES;
				CLANG_WARN_SUSPICIOUS_MOVE = YES;
				CLANG_WARN_UNGUARDED_AVAILABILITY = YES_AGGRESSIVE;
				CLANG_WARN_UNREACHABLE_CODE = YES;
				CLANG_WARN__DUPLICATE_METHOD_MATCH = YES;
				COPY_PHASE_STRIP = NO;
				DEBUG_INFORMATION_FORMAT = "dwarf-with-dsym";
				ENABLE_NS_ASSERTIONS = NO;
				ENABLE_STRICT_OBJC_MSGSEND = YES;
				GCC_C_LANGUAGE_STANDARD = gnu11;
				GCC_NO_COMMON_BLOCKS = YES;
				GCC_WARN_64_TO_32_BIT_CONVERSION = YES;
				GCC_WARN_ABOUT_RETURN_TYPE = YES_ERROR;
				GCC_WARN_UNDECLARED_SELECTOR = YES;
				GCC_WARN_UNINITIALIZED_AUTOS = YES_AGGRESSIVE;
				GCC_WARN_UNUSED_FUNCTION = YES;
				GCC_WARN_UNUSED_VARIABLE = YES;
				IPHONEOS_DEPLOYMENT_TARGET = 16.4;
				MTL_ENABLE_DEBUG_INFO = NO;
				MTL_FAST_MATH = YES;
				SDKROOT = iphoneos;
				SWIFT_COMPILATION_MODE = wholemodule;
				SWIFT_OPTIMIZATION_LEVEL = "-O";
				VALIDATE_PRODUCT = YES;
			};
			name = Release;
		};
		FA2FEEDD2CB62D5D0005D279 /* Debug */ = {
			isa = XCBuildConfiguration;
			buildSettings = {
				ASSETCATALOG_COMPILER_APPICON_NAME = AppIcon;
				ASSETCATALOG_COMPILER_GLOBAL_ACCENT_COLOR_NAME = AccentColor;
				CODE_SIGN_STYLE = Automatic;
				CURRENT_PROJECT_VERSION = 1;
				DEVELOPMENT_ASSET_PATHS = "\"Landmarks/Preview Content\"";
				ENABLE_PREVIEWS = YES;
				GENERATE_INFOPLIST_FILE = YES;
				INFOPLIST_KEY_UIApplicationSceneManifest_Generation = YES;
				INFOPLIST_KEY_UIApplicationSupportsIndirectInputEvents = YES;
				INFOPLIST_KEY_UILaunchScreen_Generation = YES;
				INFOPLIST_KEY_UISupportedInterfaceOrientations_iPad = "UIInterfaceOrientationPortrait UIInterfaceOrientationPortraitUpsideDown UIInterfaceOrientationLandscapeLeft UIInterfaceOrientationLandscapeRight";
				INFOPLIST_KEY_UISupportedInterfaceOrientations_iPhone = "UIInterfaceOrientationPortrait UIInterfaceOrientationLandscapeLeft UIInterfaceOrientationLandscapeRight";
				IPHONEOS_DEPLOYMENT_TARGET = 16.6;
				LD_RUNPATH_SEARCH_PATHS = (
					"$(inherited)",
					"@executable_path/Frameworks",
				);
				MARKETING_VERSION = 1.0;
				PRODUCT_BUNDLE_IDENTIFIER = io.6md9.Landmarks;
				PRODUCT_NAME = "$(TARGET_NAME)";
				SWIFT_EMIT_LOC_STRINGS = YES;
				SWIFT_VERSION = 5.0;
				TARGETED_DEVICE_FAMILY = "1,2";
			};
			name = Debug;
		};
		FA2FEEDE2CB62D5D0005D279 /* Release */ = {
			isa = XCBuildConfiguration;
			buildSettings = {
				ASSETCATALOG_COMPILER_APPICON_NAME = AppIcon;
				ASSETCATALOG_COMPILER_GLOBAL_ACCENT_COLOR_NAME = AccentColor;
				CODE_SIGN_STYLE = Automatic;
				CURRENT_PROJECT_VERSION = 1;
				DEVELOPMENT_ASSET_PATHS = "\"Landmarks/Preview Content\"";
				ENABLE_PREVIEWS = YES;
				GENERATE_INFOPLIST_FILE = YES;
				INFOPLIST_KEY_UIApplicationSceneManifest_Generation = YES;
				INFOPLIST_KEY_UIApplicationSupportsIndirectInputEvents = YES;
				INFOPLIST_KEY_UILaunchScreen_Generation = YES;
				INFOPLIST_KEY_UISupportedInterfaceOrientations_iPad = "UIInterfaceOrientationPortrait UIInterfaceOrientationPortraitUpsideDown UIInterfaceOrientationLandscapeLeft UIInterfaceOrientationLandscapeRight";
				INFOPLIST_KEY_UISupportedInterfaceOrientations_iPhone = "UIInterfaceOrientationPortrait UIInterfaceOrientationLandscapeLeft UIInterfaceOrientationLandscapeRight";
				IPHONEOS_DEPLOYMENT_TARGET = 16.6;
				LD_RUNPATH_SEARCH_PATHS = (
					"$(inherited)",
					"@executable_path/Frameworks",
				);
				MARKETING_VERSION = 1.0;
				PRODUCT_BUNDLE_IDENTIFIER = io.6md9.Landmarks;
				PRODUCT_NAME = "$(TARGET_NAME)";
				SWIFT_EMIT_LOC_STRINGS = YES;
				SWIFT_VERSION = 5.0;
				TARGETED_DEVICE_FAMILY = "1,2";
			};
			name = Release;
		};
/* End XCBuildConfiguration section */

/* Begin XCConfigurationList section */
		FA2FEEC92CB62D5C0005D279 /* Build configuration list for PBXProject "Landmarks" */ = {
			isa = XCConfigurationList;
			buildConfigurations = (
				FA2FEEDA2CB62D5D0005D279 /* Debug */,
				FA2FEEDB2CB62D5D0005D279 /* Release */,
			);
			defaultConfigurationIsVisible = 0;
			defaultConfigurationName = Release;
		};
		FA2FEEDC2CB62D5D0005D279 /* Build configuration list for PBXNativeTarget "Landmarks" */ = {
			isa = XCConfigurationList;
			buildConfigurations = (
				FA2FEEDD2CB62D5D0005D279 /* Debug */,
				FA2FEEDE2CB62D5D0005D279 /* Release */,
			);
			defaultConfigurationIsVisible = 0;
			defaultConfigurationName = Release;
		};
/* End XCConfigurationList section */
	};
	rootObject = FA2FEEC62CB62D5C0005D279 /* Project object */;
}
